
Microsoft Visual Studio Solution File, Format Version 12.00
# Visual Studio Version 17
VisualStudioVersion = 17.14.36203.30 d17.14
MinimumVisualStudioVersion = 10.0.40219.1
Project("{2150E333-8FDC-42A3-9474-1A3956D46DE8}") = "src", "src", "{02EA681E-C7D8-13C7-8484-4AC65E1B71E8}"
EndProject
Project("{2150E333-8FDC-42A3-9474-1A3956D46DE8}") = "tests", "tests", "{5939AB94-2700-442D-91F7-23E11A350122}"
EndProject
Project("{FAE04EC0-301F-11D3-BF4B-00C04F79EFBC}") = "Yassou.Domain", "src\Yassou.Domain\Yassou.Domain.csproj", "{5416DB44-3540-4B25-8ED6-794933D2E9EA}"
EndProject
Project("{FAE04EC0-301F-11D3-BF4B-00C04F79EFBC}") = "Yassou.Application", "src\Yassou.Application\Yassou.Application.csproj", "{BBC625F8-5370-4DF2-B794-EFCCB7983D36}"
EndProject
Project("{FAE04EC0-301F-11D3-BF4B-00C04F79EFBC}") = "Yassou.Infrastructure", "src\Yassou.Infrastructure\Yassou.Infrastructure.csproj", "{5363C8E0-0DFB-4295-BA91-B272E1B513F4}"
EndProject
Project("{FAE04EC0-301F-11D3-BF4B-00C04F79EFBC}") = "Yassou.API", "src\Yassou.API\Yassou.API.csproj", "{B69A50C3-9A5B-4134-A74F-8229794E07A2}"
EndProject
Global
	GlobalSection(SolutionConfigurationPlatforms) = preSolution
		Debug|Any CPU = Debug|Any CPU
		Release|Any CPU = Release|Any CPU
	EndGlobalSection
	GlobalSection(ProjectConfigurationPlatforms) = postSolution
		{5416DB44-3540-4B25-8ED6-794933D2E9EA}.Debug|Any CPU.ActiveCfg = Debug|Any CPU
		{5416DB44-3540-4B25-8ED6-794933D2E9EA}.Debug|Any CPU.Build.0 = Debug|Any CPU
		{5416DB44-3540-4B25-8ED6-794933D2E9EA}.Release|Any CPU.ActiveCfg = Release|Any CPU
		{5416DB44-3540-4B25-8ED6-794933D2E9EA}.Release|Any CPU.Build.0 = Release|Any CPU
		{BBC625F8-5370-4DF2-B794-EFCCB7983D36}.Debug|Any CPU.ActiveCfg = Debug|Any CPU
		{BBC625F8-5370-4DF2-B794-EFCCB7983D36}.Debug|Any CPU.Build.0 = Debug|Any CPU
		{BBC625F8-5370-4DF2-B794-EFCCB7983D36}.Release|Any CPU.ActiveCfg = Release|Any CPU
		{BBC625F8-5370-4DF2-B794-EFCCB7983D36}.Release|Any CPU.Build.0 = Release|Any CPU
		{5363C8E0-0DFB-4295-BA91-B272E1B513F4}.Debug|Any CPU.ActiveCfg = Debug|Any CPU
		{5363C8E0-0DFB-4295-BA91-B272E1B513F4}.Debug|Any CPU.Build.0 = Debug|Any CPU
		{5363C8E0-0DFB-4295-BA91-B272E1B513F4}.Release|Any CPU.ActiveCfg = Release|Any CPU
		{5363C8E0-0DFB-4295-BA91-B272E1B513F4}.Release|Any CPU.Build.0 = Release|Any CPU
		{B69A50C3-9A5B-4134-A74F-8229794E07A2}.Debug|Any CPU.ActiveCfg = Debug|Any CPU
		{B69A50C3-9A5B-4134-A74F-8229794E07A2}.Debug|Any CPU.Build.0 = Debug|Any CPU
		{B69A50C3-9A5B-4134-A74F-8229794E07A2}.Release|Any CPU.ActiveCfg = Release|Any CPU
		{B69A50C3-9A5B-4134-A74F-8229794E07A2}.Release|Any CPU.Build.0 = Release|Any CPU
	EndGlobalSection
	GlobalSection(SolutionProperties) = preSolution
		HideSolutionNode = FALSE
	EndGlobalSection
	GlobalSection(NestedProjects) = preSolution
		{5416DB44-3540-4B25-8ED6-794933D2E9EA} = {02EA681E-C7D8-13C7-8484-4AC65E1B71E8}
		{BBC625F8-5370-4DF2-B794-EFCCB7983D36} = {02EA681E-C7D8-13C7-8484-4AC65E1B71E8}
		{5363C8E0-0DFB-4295-BA91-B272E1B513F4} = {02EA681E-C7D8-13C7-8484-4AC65E1B71E8}
		{B69A50C3-9A5B-4134-A74F-8229794E07A2} = {02EA681E-C7D8-13C7-8484-4AC65E1B71E8}
	EndGlobalSection
	GlobalSection(ExtensibilityGlobals) = postSolution
		SolutionGuid = {21F0CF6F-B856-4FBD-AC1A-4D2B31809BD3}
	EndGlobalSection
EndGlobal
